{
  "object": {
    "pins": [
      {
        "package": "AsyncCompatibilityKit",
        "repositoryURL": "https://github.com/JohnSundell/AsyncCompatibilityKit.git",
        "state": {
          "branch": null,
          "revision": "c69c367042586a55977407bbca548f6867640bd5",
          "version": "0.1.2"
        }
      },
      {
        "package": "swift-collections",
        "repositoryURL": "https://github.com/apple/swift-collections.git",
        "state": {
          "branch": null,
          "revision": "48254824bb4248676bf7ce56014ff57b142b77eb",
          "version": "1.0.2"
        }
      }
    ]
  },
  "version": 1
}
